
Microsoft Visual Studio Solution File, Format Version 12.00
# Visual Studio Version 16
VisualStudioVersion = 16.0.29613.14
MinimumVisualStudioVersion = 10.0.40219.1
Project("{2150E333-8FDC-42A3-9474-1A3956D46DE8}") = "01. Clients", "01. Clients", "{44F6171F-5881-4406-B65E-CFFE2D49DC53}"
EndProject
Project("{2150E333-8FDC-42A3-9474-1A3956D46DE8}") = "02. Api.Gateways", "02. Api.Gateways", "{2189414E-74FF-40AF-AB68-E27CDCB3337F}"
EndProject
Project("{2150E333-8FDC-42A3-9474-1A3956D46DE8}") = "03. Services", "03. Services", "{8B12E167-02F7-4419-93B6-EF71B7F128C2}"
EndProject
Project("{2150E333-8FDC-42A3-9474-1A3956D46DE8}") = "01. Identity", "01. Identity", "{70289677-4109-4CE4-BE9D-55B3C24301D0}"
EndProject
Project("{2150E333-8FDC-42A3-9474-1A3956D46DE8}") = "03. Customer", "03. Customer", "{01654F56-1FC3-417F-A724-FDD8556D07D3}"
EndProject
Project("{2150E333-8FDC-42A3-9474-1A3956D46DE8}") = "02. Catalog", "02. Catalog", "{8FE27C20-3046-4550-8DD2-DB6FA871432C}"
EndProject
Project("{2150E333-8FDC-42A3-9474-1A3956D46DE8}") = "04. Order", "04. Order", "{C86147B8-6C0F-44B6-81E3-D7F641E4F5ED}"
EndProject
Project("{2150E333-8FDC-42A3-9474-1A3956D46DE8}") = "01. API", "01. API", "{68D3AAED-3053-42D2-BD5A-75FFDDB9EBAA}"
EndProject
Project("{2150E333-8FDC-42A3-9474-1A3956D46DE8}") = "02. Services", "02. Services", "{F9D5CFAB-F6D8-4DFB-9157-787CE73C2814}"
EndProject
Project("{2150E333-8FDC-42A3-9474-1A3956D46DE8}") = "03. Persistence", "03. Persistence", "{7A0AC1E3-1BE0-4ED5-9127-EC25C2E1B6A8}"
EndProject
Project("{2150E333-8FDC-42A3-9474-1A3956D46DE8}") = "04. Models", "04. Models", "{80EDBBEE-56F8-4A31-9BA0-B39E5B7BFA16}"
EndProject
Project("{2150E333-8FDC-42A3-9474-1A3956D46DE8}") = "Common", "Common", "{75F167BC-962E-4708-A8E3-CD76D361CC14}"
EndProject
Project("{9A19103F-16F7-4668-BE54-9A1E7A4F7556}") = "Order.Domain", "src\Services\Order\Order.Domain\Order.Domain.csproj", "{09F55739-FD0B-4B01-A099-1801C3D7586C}"
EndProject
Project("{9A19103F-16F7-4668-BE54-9A1E7A4F7556}") = "Order.Persistence.Database", "src\Services\Order\Order.Persistence.Database\Order.Persistence.Database.csproj", "{FA08FDA0-63B8-4AE8-9972-E3F888E0EB68}"
EndProject
Project("{9A19103F-16F7-4668-BE54-9A1E7A4F7556}") = "Order.Service.EventHandlers", "src\Services\Order\Order.Service.EventHandlers\Order.Service.EventHandlers.csproj", "{015D8943-812D-4189-8E23-23BB28A878E3}"
EndProject
Project("{9A19103F-16F7-4668-BE54-9A1E7A4F7556}") = "Order.Service.Queries", "src\Services\Order\Order.Service.Queries\Order.Service.Queries.csproj", "{CE0D42EA-EBC2-4864-9FA1-BC8C87AB44D8}"
EndProject
Project("{9A19103F-16F7-4668-BE54-9A1E7A4F7556}") = "Order.Api", "src\Services\Order\Order.Api\Order.Api.csproj", "{8A430372-8C16-499B-8C23-4B99D8964918}"
EndProject
Project("{2150E333-8FDC-42A3-9474-1A3956D46DE8}") = "05. Common", "05. Common", "{14EF8B4D-DBAE-4311-9998-DD7EB8B1611A}"
EndProject
Project("{9A19103F-16F7-4668-BE54-9A1E7A4F7556}") = "Order.Common", "src\Services\Order\Order.Common\Order.Common.csproj", "{B8862484-338F-44C7-AD3D-7D59D914DB8C}"
EndProject
Project("{2150E333-8FDC-42A3-9474-1A3956D46DE8}") = "01. API", "01. API", "{300B769F-E96F-44C6-AAC5-FBB1E03FF988}"
EndProject
Project("{2150E333-8FDC-42A3-9474-1A3956D46DE8}") = "02. Services", "02. Services", "{3EA5F503-5F7C-4860-B3EB-C76758CAC257}"
EndProject
Project("{2150E333-8FDC-42A3-9474-1A3956D46DE8}") = "03. Persistence", "03. Persistence", "{15CB53E9-A793-458B-BEC7-CAB85114C2F4}"
EndProject
Project("{2150E333-8FDC-42A3-9474-1A3956D46DE8}") = "04. Models", "04. Models", "{9A9ADC85-16FF-4F16-ADA3-696B8E2588F5}"
EndProject
Project("{9A19103F-16F7-4668-BE54-9A1E7A4F7556}") = "Catalog.Domain", "src\Services\Catalog\Catalog.Domain\Catalog.Domain.csproj", "{F7A778AD-239C-4033-91B6-56BD667BCB43}"
EndProject
Project("{9A19103F-16F7-4668-BE54-9A1E7A4F7556}") = "Catalog.Persistence.Database", "src\Services\Catalog\Catalog.Persistence.Database\Catalog.Persistence.Database.csproj", "{482D0E70-FEFD-42EE-98FB-E6261FE424EC}"
EndProject
Project("{9A19103F-16F7-4668-BE54-9A1E7A4F7556}") = "Catalog.Service.EventHandlers", "src\Services\Catalog\Catalog.Service.EventHandlers\Catalog.Service.EventHandlers.csproj", "{5574EEB4-8599-4AFA-A574-2D166148A019}"
EndProject
Project("{9A19103F-16F7-4668-BE54-9A1E7A4F7556}") = "Catalog.Service.Queries", "src\Services\Catalog\Catalog.Service.Queries\Catalog.Service.Queries.csproj", "{FB57722C-5D51-44DF-A498-19C54432A78D}"
EndProject
Project("{9A19103F-16F7-4668-BE54-9A1E7A4F7556}") = "Catalog.Api", "src\Services\Catalog\Catalog.Api\Catalog.Api.csproj", "{1FFD2DF9-9F86-4999-97FD-40043172E756}"
EndProject
Project("{9A19103F-16F7-4668-BE54-9A1E7A4F7556}") = "Order.Service.Proxies", "src\Services\Order\Order.Service.Proxies\Order.Service.Proxies.csproj", "{7D3B6DEF-73C5-48DB-AC0F-24EEF372911E}"
EndProject
Project("{9A19103F-16F7-4668-BE54-9A1E7A4F7556}") = "Service.Common.Mapping", "src\Services\Service.Common.Mapping\Service.Common.Mapping.csproj", "{57A6A3E7-3436-427D-883D-C1545290D92A}"
EndProject
Project("{9A19103F-16F7-4668-BE54-9A1E7A4F7556}") = "Service.Common.Collection", "src\Services\Service.Common.Collection\Service.Common.Collection.csproj", "{AD146A10-4420-4325-95F0-5F4D82CB36D1}"
EndProject
Project("{9A19103F-16F7-4668-BE54-9A1E7A4F7556}") = "Service.Common.Paging", "src\Services\Service.Common.Paging\Service.Common.Paging.csproj", "{77E2EBCB-1FA0-48E8-94F1-13571CA56108}"
EndProject
Project("{2150E333-8FDC-42A3-9474-1A3956D46DE8}") = "05. Common", "05. Common", "{48454336-B3F2-4055-BB7A-1ECCD493E008}"
EndProject
Project("{9A19103F-16F7-4668-BE54-9A1E7A4F7556}") = "Catalog.Common", "src\Services\Catalog\Catalog.Common\Catalog.Common.csproj", "{AE0EC46F-CD23-4798-96DE-CCBAE9A65E17}"
EndProject
Project("{2150E333-8FDC-42A3-9474-1A3956D46DE8}") = "APIs", "APIs", "{50FD2963-F823-47A2-88DE-36890F8A75AC}"
EndProject
Project("{9A19103F-16F7-4668-BE54-9A1E7A4F7556}") = "Api.Gateway.WebClient", "src\Gateways\Api.Gateway.WebClient\Api.Gateway.WebClient.csproj", "{F0F63EFC-4D89-460A-A6EC-D777EDF0AA1F}"
EndProject
Project("{9A19103F-16F7-4668-BE54-9A1E7A4F7556}") = "Api.Gateway.Models", "src\Gateways\Api.Gateway.Models\Api.Gateway.Models.csproj", "{E2D457AB-4691-4D9F-932F-C2DDB77C1CA8}"
EndProject
Project("{9A19103F-16F7-4668-BE54-9A1E7A4F7556}") = "Api.Gateway.Proxies", "src\Gateways\Api.Gateway.Proxies\Api.Gateway.Proxies.csproj", "{630BC143-B587-4FCF-A114-1EFDF9B9232C}"
EndProject
Project("{9A19103F-16F7-4668-BE54-9A1E7A4F7556}") = "Api.Gateway.WebClient.Proxy", "src\Gateways\Api.Gateway.WebClient.Proxy\Api.Gateway.WebClient.Proxy.csproj", "{A8504F89-E318-4472-898E-D68DB34D6FD6}"
EndProject
Project("{9A19103F-16F7-4668-BE54-9A1E7A4F7556}") = "Clients.WebClient", "src\Clients\Clients.WebClient\Clients.WebClient.csproj", "{028B021A-6038-4F2A-89DC-E89F54E6D6EB}"
EndProject
Project("{2150E333-8FDC-42A3-9474-1A3956D46DE8}") = "01. API", "01. API", "{A64656FE-D4D4-4845-9E55-5A08A84FC87C}"
EndProject
Project("{2150E333-8FDC-42A3-9474-1A3956D46DE8}") = "02. Services", "02. Services", "{4BF69B81-B4D2-4E87-BA60-71D1D6B8A139}"
EndProject
Project("{2150E333-8FDC-42A3-9474-1A3956D46DE8}") = "03. Persistence", "03. Persistence", "{C454F27E-8B9E-4730-83C0-A2CE3DD511A2}"
EndProject
Project("{2150E333-8FDC-42A3-9474-1A3956D46DE8}") = "04. Models", "04. Models", "{F57335A7-EFBB-439C-8A31-15969FDD4EF9}"
EndProject
Project("{9A19103F-16F7-4668-BE54-9A1E7A4F7556}") = "Customer.Domain", "src\Services\Customer\Customer.Domain\Customer.Domain.csproj", "{2F17F0F6-6F5F-4607-8D24-4524FB9794A7}"
EndProject
Project("{9A19103F-16F7-4668-BE54-9A1E7A4F7556}") = "Customer.Persistence.Database", "src\Services\Customer\Customer.Persistence.Database\Customer.Persistence.Database.csproj", "{80240172-554F-4699-9A9D-AA49B236A448}"
EndProject
Project("{9A19103F-16F7-4668-BE54-9A1E7A4F7556}") = "Customer.Service.EventHandlers", "src\Services\Customer\Customer.Service.EventHandlers\Customer.Service.EventHandlers.csproj", "{3AB28430-1AFF-408E-B961-E8434B5DED6C}"
EndProject
Project("{9A19103F-16F7-4668-BE54-9A1E7A4F7556}") = "Customer.Service.Queries", "src\Services\Customer\Customer.Service.Queries\Customer.Service.Queries.csproj", "{4EDA6890-9ACA-42E4-9B13-D7807A871A79}"
EndProject
Project("{9A19103F-16F7-4668-BE54-9A1E7A4F7556}") = "Customer.Api", "src\Services\Customer\Customer.Api\Customer.Api.csproj", "{284C0F8E-1B20-4643-8B71-D4FFF4334D86}"
EndProject
Project("{2150E333-8FDC-42A3-9474-1A3956D46DE8}") = "01. API", "01. API", "{61964D28-557C-438C-87DB-BD80F4305BB9}"
EndProject
Project("{2150E333-8FDC-42A3-9474-1A3956D46DE8}") = "02. Services", "02. Services", "{8BAFA2A1-1D8D-4911-9311-C6880F7E1A81}"
EndProject
Project("{2150E333-8FDC-42A3-9474-1A3956D46DE8}") = "03. Persistence", "03. Persistence", "{CF3C2DCD-89D6-479F-B651-1E4B9CCD8B1B}"
EndProject
Project("{2150E333-8FDC-42A3-9474-1A3956D46DE8}") = "04. Models", "04. Models", "{7FE80EFF-EEAF-41F9-BF06-0D4D0D5A258E}"
EndProject
Project("{9A19103F-16F7-4668-BE54-9A1E7A4F7556}") = "Identity.Domain", "src\Services\Identity\Identity.Domain\Identity.Domain.csproj", "{7EA83F92-B22E-4F7A-ACCB-6569E9F773FC}"
EndProject
Project("{9A19103F-16F7-4668-BE54-9A1E7A4F7556}") = "Identity.Persistence.Database", "src\Services\Identity\Identity.Persistence.Database\Identity.Persistence.Database.csproj", "{9DB71F12-41AD-449B-9BCB-43BE91E5D052}"
EndProject
Project("{9A19103F-16F7-4668-BE54-9A1E7A4F7556}") = "Identity.Service.Queries", "src\Services\Identity\Identity.Service.Queries\Identity.Service.Queries.csproj", "{C847FABB-39FA-4DA6-A354-CBC6ED53F9CC}"
EndProject
Project("{9A19103F-16F7-4668-BE54-9A1E7A4F7556}") = "Identity.Service.EventHandlers", "src\Services\Identity\Identity.Service.EventHandlers\Identity.Service.EventHandlers.csproj", "{BE74E2EF-4D97-437A-82FB-B19347D23144}"
EndProject
Project("{9A19103F-16F7-4668-BE54-9A1E7A4F7556}") = "Identity.Api", "src\Services\Identity\Identity.Api\Identity.Api.csproj", "{E658C5CE-33C9-4009-B1DB-587576FD213B}"
EndProject
Project("{9A19103F-16F7-4668-BE54-9A1E7A4F7556}") = "Clients.Authentication", "src\Clients\Clients.Authentication\Clients.Authentication.csproj", "{7F16E4DA-D0BF-4ABB-B793-8263D6A333DC}"
EndProject
Project("{2150E333-8FDC-42A3-9474-1A3956D46DE8}") = "04. Common", "04. Common", "{A6D8DA3C-937C-4591-820B-A018746A30B4}"
EndProject
Project("{9A19103F-16F7-4668-BE54-9A1E7A4F7556}") = "Common.Logging", "src\Common\Common.Logging\Common.Logging.csproj", "{02391331-D6D8-47DF-963A-1FE6232D7190}"
EndProject
Project("{2150E333-8FDC-42A3-9474-1A3956D46DE8}") = "06. Testing", "06. Testing", "{622F2054-6378-479E-819E-44140DBFA4C0}"
EndProject
Project("{2150E333-8FDC-42A3-9474-1A3956D46DE8}") = "05. Testing", "05. Testing", "{D0E3DBFD-9B63-473B-B59F-EFFE8F2E4D65}"
EndProject
Project("{2150E333-8FDC-42A3-9474-1A3956D46DE8}") = "05. Testing", "05. Testing", "{0262F6F4-5463-4110-967F-8FF2085000DE}"
EndProject
Project("{2150E333-8FDC-42A3-9474-1A3956D46DE8}") = "06. Testing", "06. Testing", "{FD7DEB22-B48C-4D14-AF8F-F1D183854F59}"
EndProject
Project("{9A19103F-16F7-4668-BE54-9A1E7A4F7556}") = "Catalog.Tests", "src\Services\Catalog\Catalog.Tests\Catalog.Tests.csproj", "{55D3D737-8A49-49C9-AE8B-DE98C1EAB24C}"
EndProject
Global
	GlobalSection(SolutionConfigurationPlatforms) = preSolution
		Debug|Any CPU = Debug|Any CPU
		Release|Any CPU = Release|Any CPU
	EndGlobalSection
	GlobalSection(ProjectConfigurationPlatforms) = postSolution
		{09F55739-FD0B-4B01-A099-1801C3D7586C}.Debug|Any CPU.ActiveCfg = Debug|Any CPU
		{09F55739-FD0B-4B01-A099-1801C3D7586C}.Debug|Any CPU.Build.0 = Debug|Any CPU
		{09F55739-FD0B-4B01-A099-1801C3D7586C}.Release|Any CPU.ActiveCfg = Release|Any CPU
		{09F55739-FD0B-4B01-A099-1801C3D7586C}.Release|Any CPU.Build.0 = Release|Any CPU
		{FA08FDA0-63B8-4AE8-9972-E3F888E0EB68}.Debug|Any CPU.ActiveCfg = Debug|Any CPU
		{FA08FDA0-63B8-4AE8-9972-E3F888E0EB68}.Debug|Any CPU.Build.0 = Debug|Any CPU
		{FA08FDA0-63B8-4AE8-9972-E3F888E0EB68}.Release|Any CPU.ActiveCfg = Release|Any CPU
		{FA08FDA0-63B8-4AE8-9972-E3F888E0EB68}.Release|Any CPU.Build.0 = Release|Any CPU
		{015D8943-812D-4189-8E23-23BB28A878E3}.Debug|Any CPU.ActiveCfg = Debug|Any CPU
		{015D8943-812D-4189-8E23-23BB28A878E3}.Debug|Any CPU.Build.0 = Debug|Any CPU
		{015D8943-812D-4189-8E23-23BB28A878E3}.Release|Any CPU.ActiveCfg = Release|Any CPU
		{015D8943-812D-4189-8E23-23BB28A878E3}.Release|Any CPU.Build.0 = Release|Any CPU
		{CE0D42EA-EBC2-4864-9FA1-BC8C87AB44D8}.Debug|Any CPU.ActiveCfg = Debug|Any CPU
		{CE0D42EA-EBC2-4864-9FA1-BC8C87AB44D8}.Debug|Any CPU.Build.0 = Debug|Any CPU
		{CE0D42EA-EBC2-4864-9FA1-BC8C87AB44D8}.Release|Any CPU.ActiveCfg = Release|Any CPU
		{CE0D42EA-EBC2-4864-9FA1-BC8C87AB44D8}.Release|Any CPU.Build.0 = Release|Any CPU
		{8A430372-8C16-499B-8C23-4B99D8964918}.Debug|Any CPU.ActiveCfg = Debug|Any CPU
		{8A430372-8C16-499B-8C23-4B99D8964918}.Debug|Any CPU.Build.0 = Debug|Any CPU
		{8A430372-8C16-499B-8C23-4B99D8964918}.Release|Any CPU.ActiveCfg = Release|Any CPU
		{8A430372-8C16-499B-8C23-4B99D8964918}.Release|Any CPU.Build.0 = Release|Any CPU
		{B8862484-338F-44C7-AD3D-7D59D914DB8C}.Debug|Any CPU.ActiveCfg = Debug|Any CPU
		{B8862484-338F-44C7-AD3D-7D59D914DB8C}.Debug|Any CPU.Build.0 = Debug|Any CPU
		{B8862484-338F-44C7-AD3D-7D59D914DB8C}.Release|Any CPU.ActiveCfg = Release|Any CPU
		{B8862484-338F-44C7-AD3D-7D59D914DB8C}.Release|Any CPU.Build.0 = Release|Any CPU
		{F7A778AD-239C-4033-91B6-56BD667BCB43}.Debug|Any CPU.ActiveCfg = Debug|Any CPU
		{F7A778AD-239C-4033-91B6-56BD667BCB43}.Debug|Any CPU.Build.0 = Debug|Any CPU
		{F7A778AD-239C-4033-91B6-56BD667BCB43}.Release|Any CPU.ActiveCfg = Release|Any CPU
		{F7A778AD-239C-4033-91B6-56BD667BCB43}.Release|Any CPU.Build.0 = Release|Any CPU
		{482D0E70-FEFD-42EE-98FB-E6261FE424EC}.Debug|Any CPU.ActiveCfg = Debug|Any CPU
		{482D0E70-FEFD-42EE-98FB-E6261FE424EC}.Debug|Any CPU.Build.0 = Debug|Any CPU
		{482D0E70-FEFD-42EE-98FB-E6261FE424EC}.Release|Any CPU.ActiveCfg = Release|Any CPU
		{482D0E70-FEFD-42EE-98FB-E6261FE424EC}.Release|Any CPU.Build.0 = Release|Any CPU
		{5574EEB4-8599-4AFA-A574-2D166148A019}.Debug|Any CPU.ActiveCfg = Debug|Any CPU
		{5574EEB4-8599-4AFA-A574-2D166148A019}.Debug|Any CPU.Build.0 = Debug|Any CPU
		{5574EEB4-8599-4AFA-A574-2D166148A019}.Release|Any CPU.ActiveCfg = Release|Any CPU
		{5574EEB4-8599-4AFA-A574-2D166148A019}.Release|Any CPU.Build.0 = Release|Any CPU
		{FB57722C-5D51-44DF-A498-19C54432A78D}.Debug|Any CPU.ActiveCfg = Debug|Any CPU
		{FB57722C-5D51-44DF-A498-19C54432A78D}.Debug|Any CPU.Build.0 = Debug|Any CPU
		{FB57722C-5D51-44DF-A498-19C54432A78D}.Release|Any CPU.ActiveCfg = Release|Any CPU
		{FB57722C-5D51-44DF-A498-19C54432A78D}.Release|Any CPU.Build.0 = Release|Any CPU
		{1FFD2DF9-9F86-4999-97FD-40043172E756}.Debug|Any CPU.ActiveCfg = Debug|Any CPU
		{1FFD2DF9-9F86-4999-97FD-40043172E756}.Debug|Any CPU.Build.0 = Debug|Any CPU
		{1FFD2DF9-9F86-4999-97FD-40043172E756}.Release|Any CPU.ActiveCfg = Release|Any CPU
		{1FFD2DF9-9F86-4999-97FD-40043172E756}.Release|Any CPU.Build.0 = Release|Any CPU
		{7D3B6DEF-73C5-48DB-AC0F-24EEF372911E}.Debug|Any CPU.ActiveCfg = Debug|Any CPU
		{7D3B6DEF-73C5-48DB-AC0F-24EEF372911E}.Debug|Any CPU.Build.0 = Debug|Any CPU
		{7D3B6DEF-73C5-48DB-AC0F-24EEF372911E}.Release|Any CPU.ActiveCfg = Release|Any CPU
		{7D3B6DEF-73C5-48DB-AC0F-24EEF372911E}.Release|Any CPU.Build.0 = Release|Any CPU
		{57A6A3E7-3436-427D-883D-C1545290D92A}.Debug|Any CPU.ActiveCfg = Debug|Any CPU
		{57A6A3E7-3436-427D-883D-C1545290D92A}.Debug|Any CPU.Build.0 = Debug|Any CPU
		{57A6A3E7-3436-427D-883D-C1545290D92A}.Release|Any CPU.ActiveCfg = Release|Any CPU
		{57A6A3E7-3436-427D-883D-C1545290D92A}.Release|Any CPU.Build.0 = Release|Any CPU
		{AD146A10-4420-4325-95F0-5F4D82CB36D1}.Debug|Any CPU.ActiveCfg = Debug|Any CPU
		{AD146A10-4420-4325-95F0-5F4D82CB36D1}.Debug|Any CPU.Build.0 = Debug|Any CPU
		{AD146A10-4420-4325-95F0-5F4D82CB36D1}.Release|Any CPU.ActiveCfg = Release|Any CPU
		{AD146A10-4420-4325-95F0-5F4D82CB36D1}.Release|Any CPU.Build.0 = Release|Any CPU
		{77E2EBCB-1FA0-48E8-94F1-13571CA56108}.Debug|Any CPU.ActiveCfg = Debug|Any CPU
		{77E2EBCB-1FA0-48E8-94F1-13571CA56108}.Debug|Any CPU.Build.0 = Debug|Any CPU
		{77E2EBCB-1FA0-48E8-94F1-13571CA56108}.Release|Any CPU.ActiveCfg = Release|Any CPU
		{77E2EBCB-1FA0-48E8-94F1-13571CA56108}.Release|Any CPU.Build.0 = Release|Any CPU
		{AE0EC46F-CD23-4798-96DE-CCBAE9A65E17}.Debug|Any CPU.ActiveCfg = Debug|Any CPU
		{AE0EC46F-CD23-4798-96DE-CCBAE9A65E17}.Debug|Any CPU.Build.0 = Debug|Any CPU
		{AE0EC46F-CD23-4798-96DE-CCBAE9A65E17}.Release|Any CPU.ActiveCfg = Release|Any CPU
		{AE0EC46F-CD23-4798-96DE-CCBAE9A65E17}.Release|Any CPU.Build.0 = Release|Any CPU
		{F0F63EFC-4D89-460A-A6EC-D777EDF0AA1F}.Debug|Any CPU.ActiveCfg = Debug|Any CPU
		{F0F63EFC-4D89-460A-A6EC-D777EDF0AA1F}.Debug|Any CPU.Build.0 = Debug|Any CPU
		{F0F63EFC-4D89-460A-A6EC-D777EDF0AA1F}.Release|Any CPU.ActiveCfg = Release|Any CPU
		{F0F63EFC-4D89-460A-A6EC-D777EDF0AA1F}.Release|Any CPU.Build.0 = Release|Any CPU
		{E2D457AB-4691-4D9F-932F-C2DDB77C1CA8}.Debug|Any CPU.ActiveCfg = Debug|Any CPU
		{E2D457AB-4691-4D9F-932F-C2DDB77C1CA8}.Debug|Any CPU.Build.0 = Debug|Any CPU
		{E2D457AB-4691-4D9F-932F-C2DDB77C1CA8}.Release|Any CPU.ActiveCfg = Release|Any CPU
		{E2D457AB-4691-4D9F-932F-C2DDB77C1CA8}.Release|Any CPU.Build.0 = Release|Any CPU
		{630BC143-B587-4FCF-A114-1EFDF9B9232C}.Debug|Any CPU.ActiveCfg = Debug|Any CPU
		{630BC143-B587-4FCF-A114-1EFDF9B9232C}.Debug|Any CPU.Build.0 = Debug|Any CPU
		{630BC143-B587-4FCF-A114-1EFDF9B9232C}.Release|Any CPU.ActiveCfg = Release|Any CPU
		{630BC143-B587-4FCF-A114-1EFDF9B9232C}.Release|Any CPU.Build.0 = Release|Any CPU
		{A8504F89-E318-4472-898E-D68DB34D6FD6}.Debug|Any CPU.ActiveCfg = Debug|Any CPU
		{A8504F89-E318-4472-898E-D68DB34D6FD6}.Debug|Any CPU.Build.0 = Debug|Any CPU
		{A8504F89-E318-4472-898E-D68DB34D6FD6}.Release|Any CPU.ActiveCfg = Release|Any CPU
		{A8504F89-E318-4472-898E-D68DB34D6FD6}.Release|Any CPU.Build.0 = Release|Any CPU
		{028B021A-6038-4F2A-89DC-E89F54E6D6EB}.Debug|Any CPU.ActiveCfg = Debug|Any CPU
		{028B021A-6038-4F2A-89DC-E89F54E6D6EB}.Debug|Any CPU.Build.0 = Debug|Any CPU
		{028B021A-6038-4F2A-89DC-E89F54E6D6EB}.Release|Any CPU.ActiveCfg = Release|Any CPU
		{028B021A-6038-4F2A-89DC-E89F54E6D6EB}.Release|Any CPU.Build.0 = Release|Any CPU
		{2F17F0F6-6F5F-4607-8D24-4524FB9794A7}.Debug|Any CPU.ActiveCfg = Debug|Any CPU
		{2F17F0F6-6F5F-4607-8D24-4524FB9794A7}.Debug|Any CPU.Build.0 = Debug|Any CPU
		{2F17F0F6-6F5F-4607-8D24-4524FB9794A7}.Release|Any CPU.ActiveCfg = Release|Any CPU
		{2F17F0F6-6F5F-4607-8D24-4524FB9794A7}.Release|Any CPU.Build.0 = Release|Any CPU
		{80240172-554F-4699-9A9D-AA49B236A448}.Debug|Any CPU.ActiveCfg = Debug|Any CPU
		{80240172-554F-4699-9A9D-AA49B236A448}.Debug|Any CPU.Build.0 = Debug|Any CPU
		{80240172-554F-4699-9A9D-AA49B236A448}.Release|Any CPU.ActiveCfg = Release|Any CPU
		{80240172-554F-4699-9A9D-AA49B236A448}.Release|Any CPU.Build.0 = Release|Any CPU
		{3AB28430-1AFF-408E-B961-E8434B5DED6C}.Debug|Any CPU.ActiveCfg = Debug|Any CPU
		{3AB28430-1AFF-408E-B961-E8434B5DED6C}.Debug|Any CPU.Build.0 = Debug|Any CPU
		{3AB28430-1AFF-408E-B961-E8434B5DED6C}.Release|Any CPU.ActiveCfg = Release|Any CPU
		{3AB28430-1AFF-408E-B961-E8434B5DED6C}.Release|Any CPU.Build.0 = Release|Any CPU
		{4EDA6890-9ACA-42E4-9B13-D7807A871A79}.Debug|Any CPU.ActiveCfg = Debug|Any CPU
		{4EDA6890-9ACA-42E4-9B13-D7807A871A79}.Debug|Any CPU.Build.0 = Debug|Any CPU
		{4EDA6890-9ACA-42E4-9B13-D7807A871A79}.Release|Any CPU.ActiveCfg = Release|Any CPU
		{4EDA6890-9ACA-42E4-9B13-D7807A871A79}.Release|Any CPU.Build.0 = Release|Any CPU
		{284C0F8E-1B20-4643-8B71-D4FFF4334D86}.Debug|Any CPU.ActiveCfg = Debug|Any CPU
		{284C0F8E-1B20-4643-8B71-D4FFF4334D86}.Debug|Any CPU.Build.0 = Debug|Any CPU
		{284C0F8E-1B20-4643-8B71-D4FFF4334D86}.Release|Any CPU.ActiveCfg = Release|Any CPU
		{284C0F8E-1B20-4643-8B71-D4FFF4334D86}.Release|Any CPU.Build.0 = Release|Any CPU
		{7EA83F92-B22E-4F7A-ACCB-6569E9F773FC}.Debug|Any CPU.ActiveCfg = Debug|Any CPU
		{7EA83F92-B22E-4F7A-ACCB-6569E9F773FC}.Debug|Any CPU.Build.0 = Debug|Any CPU
		{7EA83F92-B22E-4F7A-ACCB-6569E9F773FC}.Release|Any CPU.ActiveCfg = Release|Any CPU
		{7EA83F92-B22E-4F7A-ACCB-6569E9F773FC}.Release|Any CPU.Build.0 = Release|Any CPU
		{9DB71F12-41AD-449B-9BCB-43BE91E5D052}.Debug|Any CPU.ActiveCfg = Debug|Any CPU
		{9DB71F12-41AD-449B-9BCB-43BE91E5D052}.Debug|Any CPU.Build.0 = Debug|Any CPU
		{9DB71F12-41AD-449B-9BCB-43BE91E5D052}.Release|Any CPU.ActiveCfg = Release|Any CPU
		{9DB71F12-41AD-449B-9BCB-43BE91E5D052}.Release|Any CPU.Build.0 = Release|Any CPU
		{C847FABB-39FA-4DA6-A354-CBC6ED53F9CC}.Debug|Any CPU.ActiveCfg = Debug|Any CPU
		{C847FABB-39FA-4DA6-A354-CBC6ED53F9CC}.Debug|Any CPU.Build.0 = Debug|Any CPU
		{C847FABB-39FA-4DA6-A354-CBC6ED53F9CC}.Release|Any CPU.ActiveCfg = Release|Any CPU
		{C847FABB-39FA-4DA6-A354-CBC6ED53F9CC}.Release|Any CPU.Build.0 = Release|Any CPU
		{BE74E2EF-4D97-437A-82FB-B19347D23144}.Debug|Any CPU.ActiveCfg = Debug|Any CPU
		{BE74E2EF-4D97-437A-82FB-B19347D23144}.Debug|Any CPU.Build.0 = Debug|Any CPU
		{BE74E2EF-4D97-437A-82FB-B19347D23144}.Release|Any CPU.ActiveCfg = Release|Any CPU
		{BE74E2EF-4D97-437A-82FB-B19347D23144}.Release|Any CPU.Build.0 = Release|Any CPU
		{E658C5CE-33C9-4009-B1DB-587576FD213B}.Debug|Any CPU.ActiveCfg = Debug|Any CPU
		{E658C5CE-33C9-4009-B1DB-587576FD213B}.Debug|Any CPU.Build.0 = Debug|Any CPU
		{E658C5CE-33C9-4009-B1DB-587576FD213B}.Release|Any CPU.ActiveCfg = Release|Any CPU
		{E658C5CE-33C9-4009-B1DB-587576FD213B}.Release|Any CPU.Build.0 = Release|Any CPU
		{7F16E4DA-D0BF-4ABB-B793-8263D6A333DC}.Debug|Any CPU.ActiveCfg = Debug|Any CPU
		{7F16E4DA-D0BF-4ABB-B793-8263D6A333DC}.Debug|Any CPU.Build.0 = Debug|Any CPU
		{7F16E4DA-D0BF-4ABB-B793-8263D6A333DC}.Release|Any CPU.ActiveCfg = Release|Any CPU
		{7F16E4DA-D0BF-4ABB-B793-8263D6A333DC}.Release|Any CPU.Build.0 = Release|Any CPU
		{02391331-D6D8-47DF-963A-1FE6232D7190}.Debug|Any CPU.ActiveCfg = Debug|Any CPU
		{02391331-D6D8-47DF-963A-1FE6232D7190}.Debug|Any CPU.Build.0 = Debug|Any CPU
		{02391331-D6D8-47DF-963A-1FE6232D7190}.Release|Any CPU.ActiveCfg = Release|Any CPU
		{02391331-D6D8-47DF-963A-1FE6232D7190}.Release|Any CPU.Build.0 = Release|Any CPU
		{55D3D737-8A49-49C9-AE8B-DE98C1EAB24C}.Debug|Any CPU.ActiveCfg = Debug|Any CPU
		{55D3D737-8A49-49C9-AE8B-DE98C1EAB24C}.Debug|Any CPU.Build.0 = Debug|Any CPU
		{55D3D737-8A49-49C9-AE8B-DE98C1EAB24C}.Release|Any CPU.ActiveCfg = Release|Any CPU
		{55D3D737-8A49-49C9-AE8B-DE98C1EAB24C}.Release|Any CPU.Build.0 = Release|Any CPU
	EndGlobalSection
	GlobalSection(SolutionProperties) = preSolution
		HideSolutionNode = FALSE
	EndGlobalSection
	GlobalSection(NestedProjects) = preSolution
		{70289677-4109-4CE4-BE9D-55B3C24301D0} = {8B12E167-02F7-4419-93B6-EF71B7F128C2}
		{01654F56-1FC3-417F-A724-FDD8556D07D3} = {8B12E167-02F7-4419-93B6-EF71B7F128C2}
		{8FE27C20-3046-4550-8DD2-DB6FA871432C} = {8B12E167-02F7-4419-93B6-EF71B7F128C2}
		{C86147B8-6C0F-44B6-81E3-D7F641E4F5ED} = {8B12E167-02F7-4419-93B6-EF71B7F128C2}
		{68D3AAED-3053-42D2-BD5A-75FFDDB9EBAA} = {C86147B8-6C0F-44B6-81E3-D7F641E4F5ED}
		{F9D5CFAB-F6D8-4DFB-9157-787CE73C2814} = {C86147B8-6C0F-44B6-81E3-D7F641E4F5ED}
		{7A0AC1E3-1BE0-4ED5-9127-EC25C2E1B6A8} = {C86147B8-6C0F-44B6-81E3-D7F641E4F5ED}
		{80EDBBEE-56F8-4A31-9BA0-B39E5B7BFA16} = {C86147B8-6C0F-44B6-81E3-D7F641E4F5ED}
		{75F167BC-962E-4708-A8E3-CD76D361CC14} = {8B12E167-02F7-4419-93B6-EF71B7F128C2}
		{09F55739-FD0B-4B01-A099-1801C3D7586C} = {80EDBBEE-56F8-4A31-9BA0-B39E5B7BFA16}
		{FA08FDA0-63B8-4AE8-9972-E3F888E0EB68} = {7A0AC1E3-1BE0-4ED5-9127-EC25C2E1B6A8}
		{015D8943-812D-4189-8E23-23BB28A878E3} = {F9D5CFAB-F6D8-4DFB-9157-787CE73C2814}
		{CE0D42EA-EBC2-4864-9FA1-BC8C87AB44D8} = {F9D5CFAB-F6D8-4DFB-9157-787CE73C2814}
		{8A430372-8C16-499B-8C23-4B99D8964918} = {68D3AAED-3053-42D2-BD5A-75FFDDB9EBAA}
		{14EF8B4D-DBAE-4311-9998-DD7EB8B1611A} = {C86147B8-6C0F-44B6-81E3-D7F641E4F5ED}
		{B8862484-338F-44C7-AD3D-7D59D914DB8C} = {14EF8B4D-DBAE-4311-9998-DD7EB8B1611A}
		{300B769F-E96F-44C6-AAC5-FBB1E03FF988} = {8FE27C20-3046-4550-8DD2-DB6FA871432C}
		{3EA5F503-5F7C-4860-B3EB-C76758CAC257} = {8FE27C20-3046-4550-8DD2-DB6FA871432C}
		{15CB53E9-A793-458B-BEC7-CAB85114C2F4} = {8FE27C20-3046-4550-8DD2-DB6FA871432C}
		{9A9ADC85-16FF-4F16-ADA3-696B8E2588F5} = {8FE27C20-3046-4550-8DD2-DB6FA871432C}
		{F7A778AD-239C-4033-91B6-56BD667BCB43} = {9A9ADC85-16FF-4F16-ADA3-696B8E2588F5}
		{482D0E70-FEFD-42EE-98FB-E6261FE424EC} = {15CB53E9-A793-458B-BEC7-CAB85114C2F4}
		{5574EEB4-8599-4AFA-A574-2D166148A019} = {3EA5F503-5F7C-4860-B3EB-C76758CAC257}
		{FB57722C-5D51-44DF-A498-19C54432A78D} = {3EA5F503-5F7C-4860-B3EB-C76758CAC257}
		{1FFD2DF9-9F86-4999-97FD-40043172E756} = {300B769F-E96F-44C6-AAC5-FBB1E03FF988}
		{7D3B6DEF-73C5-48DB-AC0F-24EEF372911E} = {F9D5CFAB-F6D8-4DFB-9157-787CE73C2814}
		{57A6A3E7-3436-427D-883D-C1545290D92A} = {75F167BC-962E-4708-A8E3-CD76D361CC14}
		{AD146A10-4420-4325-95F0-5F4D82CB36D1} = {75F167BC-962E-4708-A8E3-CD76D361CC14}
		{77E2EBCB-1FA0-48E8-94F1-13571CA56108} = {75F167BC-962E-4708-A8E3-CD76D361CC14}
		{48454336-B3F2-4055-BB7A-1ECCD493E008} = {8FE27C20-3046-4550-8DD2-DB6FA871432C}
		{AE0EC46F-CD23-4798-96DE-CCBAE9A65E17} = {48454336-B3F2-4055-BB7A-1ECCD493E008}
		{50FD2963-F823-47A2-88DE-36890F8A75AC} = {2189414E-74FF-40AF-AB68-E27CDCB3337F}
		{F0F63EFC-4D89-460A-A6EC-D777EDF0AA1F} = {50FD2963-F823-47A2-88DE-36890F8A75AC}
		{E2D457AB-4691-4D9F-932F-C2DDB77C1CA8} = {2189414E-74FF-40AF-AB68-E27CDCB3337F}
		{630BC143-B587-4FCF-A114-1EFDF9B9232C} = {2189414E-74FF-40AF-AB68-E27CDCB3337F}
		{A8504F89-E318-4472-898E-D68DB34D6FD6} = {50FD2963-F823-47A2-88DE-36890F8A75AC}
		{028B021A-6038-4F2A-89DC-E89F54E6D6EB} = {44F6171F-5881-4406-B65E-CFFE2D49DC53}
		{A64656FE-D4D4-4845-9E55-5A08A84FC87C} = {01654F56-1FC3-417F-A724-FDD8556D07D3}
		{4BF69B81-B4D2-4E87-BA60-71D1D6B8A139} = {01654F56-1FC3-417F-A724-FDD8556D07D3}
		{C454F27E-8B9E-4730-83C0-A2CE3DD511A2} = {01654F56-1FC3-417F-A724-FDD8556D07D3}
		{F57335A7-EFBB-439C-8A31-15969FDD4EF9} = {01654F56-1FC3-417F-A724-FDD8556D07D3}
		{2F17F0F6-6F5F-4607-8D24-4524FB9794A7} = {F57335A7-EFBB-439C-8A31-15969FDD4EF9}
		{80240172-554F-4699-9A9D-AA49B236A448} = {C454F27E-8B9E-4730-83C0-A2CE3DD511A2}
		{3AB28430-1AFF-408E-B961-E8434B5DED6C} = {4BF69B81-B4D2-4E87-BA60-71D1D6B8A139}
		{4EDA6890-9ACA-42E4-9B13-D7807A871A79} = {4BF69B81-B4D2-4E87-BA60-71D1D6B8A139}
		{284C0F8E-1B20-4643-8B71-D4FFF4334D86} = {A64656FE-D4D4-4845-9E55-5A08A84FC87C}
		{61964D28-557C-438C-87DB-BD80F4305BB9} = {70289677-4109-4CE4-BE9D-55B3C24301D0}
		{8BAFA2A1-1D8D-4911-9311-C6880F7E1A81} = {70289677-4109-4CE4-BE9D-55B3C24301D0}
		{CF3C2DCD-89D6-479F-B651-1E4B9CCD8B1B} = {70289677-4109-4CE4-BE9D-55B3C24301D0}
		{7FE80EFF-EEAF-41F9-BF06-0D4D0D5A258E} = {70289677-4109-4CE4-BE9D-55B3C24301D0}
		{7EA83F92-B22E-4F7A-ACCB-6569E9F773FC} = {7FE80EFF-EEAF-41F9-BF06-0D4D0D5A258E}
		{9DB71F12-41AD-449B-9BCB-43BE91E5D052} = {CF3C2DCD-89D6-479F-B651-1E4B9CCD8B1B}
		{C847FABB-39FA-4DA6-A354-CBC6ED53F9CC} = {8BAFA2A1-1D8D-4911-9311-C6880F7E1A81}
		{BE74E2EF-4D97-437A-82FB-B19347D23144} = {8BAFA2A1-1D8D-4911-9311-C6880F7E1A81}
		{E658C5CE-33C9-4009-B1DB-587576FD213B} = {61964D28-557C-438C-87DB-BD80F4305BB9}
		{7F16E4DA-D0BF-4ABB-B793-8263D6A333DC} = {44F6171F-5881-4406-B65E-CFFE2D49DC53}
		{02391331-D6D8-47DF-963A-1FE6232D7190} = {A6D8DA3C-937C-4591-820B-A018746A30B4}
		{622F2054-6378-479E-819E-44140DBFA4C0} = {8FE27C20-3046-4550-8DD2-DB6FA871432C}
		{D0E3DBFD-9B63-473B-B59F-EFFE8F2E4D65} = {70289677-4109-4CE4-BE9D-55B3C24301D0}
		{0262F6F4-5463-4110-967F-8FF2085000DE} = {01654F56-1FC3-417F-A724-FDD8556D07D3}
		{FD7DEB22-B48C-4D14-AF8F-F1D183854F59} = {C86147B8-6C0F-44B6-81E3-D7F641E4F5ED}
		{55D3D737-8A49-49C9-AE8B-DE98C1EAB24C} = {622F2054-6378-479E-819E-44140DBFA4C0}
	EndGlobalSection
	GlobalSection(ExtensibilityGlobals) = postSolution
		SolutionGuid = {212CBF69-1C98-4263-8E30-BC22F341E1BE}
	EndGlobalSection
EndGlobal
